
Microsoft Visual Studio Solution File, Format Version 12.00
# Visual Studio Version 17
VisualStudioVersion = 17.7.34031.279
MinimumVisualStudioVersion = 10.0.40219.1
Project("{FAE04EC0-301F-11D3-BF4B-00C04F79EFBC}") = "Exam C#", "Exam C#.csproj", "{D6C322CA-136B-4F3F-9315-5EA79D51CE12}"
EndProject
Global
	GlobalSection(SolutionConfigurationPlatforms) = preSolution
		Debug|Any CPU = Debug|Any CPU
		Release|Any CPU = Release|Any CPU
	EndGlobalSection
	GlobalSection(ProjectConfigurationPlatforms) = postSolution
		{D6C322CA-136B-4F3F-9315-5EA79D51CE12}.Debug|Any CPU.ActiveCfg = Debug|Any CPU
		{D6C322CA-136B-4F3F-9315-5EA79D51CE12}.Debug|Any CPU.Build.0 = Debug|Any CPU
		{D6C322CA-136B-4F3F-9315-5EA79D51CE12}.Release|Any CPU.ActiveCfg = Release|Any CPU
		{D6C322CA-136B-4F3F-9315-5EA79D51CE12}.Release|Any CPU.Build.0 = Release|Any CPU
	EndGlobalSection
	GlobalSection(SolutionProperties) = preSolution
		HideSolutionNode = FALSE
	EndGlobalSection
	GlobalSection(ExtensibilityGlobals) = postSolution
		SolutionGuid = {361DF1C6-723B-491D-A193-2088EF161B2B}
	EndGlobalSection
EndGlobal
